
Microsoft Visual Studio Solution File, Format Version 12.00
# Visual Studio Version 16
VisualStudioVersion = 25.0.1706.9
MinimumVisualStudioVersion = 10.0.40219.1
Project("{FAE04EC0-301F-11D3-BF4B-00C04F79EFBC}") = "Assignmment1", "Assignmment1\Assignmment1.csproj", "{F1C507ED-08B3-4F97-9506-068ADE78FCA4}"
EndProject
Project("{FAE04EC0-301F-11D3-BF4B-00C04F79EFBC}") = "Test", "Test\Test.csproj", "{6ED8861A-AF35-4F4C-8EC7-56E1297BEBD5}"
EndProject
Global
	GlobalSection(SolutionConfigurationPlatforms) = preSolution
		Debug|Any CPU = Debug|Any CPU
		Release|Any CPU = Release|Any CPU
	EndGlobalSection
	GlobalSection(ProjectConfigurationPlatforms) = postSolution
		{F1C507ED-08B3-4F97-9506-068ADE78FCA4}.Debug|Any CPU.ActiveCfg = Debug|Any CPU
		{F1C507ED-08B3-4F97-9506-068ADE78FCA4}.Debug|Any CPU.Build.0 = Debug|Any CPU
		{F1C507ED-08B3-4F97-9506-068ADE78FCA4}.Release|Any CPU.ActiveCfg = Release|Any CPU
		{F1C507ED-08B3-4F97-9506-068ADE78FCA4}.Release|Any CPU.Build.0 = Release|Any CPU
		{6ED8861A-AF35-4F4C-8EC7-56E1297BEBD5}.Debug|Any CPU.ActiveCfg = Debug|Any CPU
		{6ED8861A-AF35-4F4C-8EC7-56E1297BEBD5}.Debug|Any CPU.Build.0 = Debug|Any CPU
		{6ED8861A-AF35-4F4C-8EC7-56E1297BEBD5}.Release|Any CPU.ActiveCfg = Release|Any CPU
		{6ED8861A-AF35-4F4C-8EC7-56E1297BEBD5}.Release|Any CPU.Build.0 = Release|Any CPU
	EndGlobalSection
	GlobalSection(SolutionProperties) = preSolution
		HideSolutionNode = FALSE
	EndGlobalSection
	GlobalSection(ExtensibilityGlobals) = postSolution
		SolutionGuid = {AF4386D8-330D-4FC8-9BB3-4EA0D01A7F76}
	EndGlobalSection
EndGlobal
